// !$*UTF8*$!
{
	archiveVersion = 1;
	classes = {
	};
	objectVersion = 46;
	objects = {

/* Begin PBXBuildFile section */
		A715EACC1EF0725000DC12A4 /* AppDelegate.swift in Sources */ = {isa = PBXBuildFile; fileRef = A715EACB1EF0725000DC12A4 /* AppDelegate.swift */; };
		A715EACE1EF0725000DC12A4 /* ViewController.swift in Sources */ = {isa = PBXBuildFile; fileRef = A715EACD1EF0725000DC12A4 /* ViewController.swift */; };
		A715EAD11EF0725000DC12A4 /* Main.storyboard in Resources */ = {isa = PBXBuildFile; fileRef = A715EACF1EF0725000DC12A4 /* Main.storyboard */; };
		A715EAD41EF0725000DC12A4 /* BikeCollector.xcdatamodeld in Sources */ = {isa = PBXBuildFile; fileRef = A715EAD21EF0725000DC12A4 /* BikeCollector.xcdatamodeld */; };
		A715EAD61EF0725000DC12A4 /* Assets.xcassets in Resources */ = {isa = PBXBuildFile; fileRef = A715EAD51EF0725000DC12A4 /* Assets.xcassets */; };
		A715EAD91EF0725000DC12A4 /* LaunchScreen.storyboard in Resources */ = {isa = PBXBuildFile; fileRef = A715EAD71EF0725000DC12A4 /* LaunchScreen.storyboard */; };
		A715EAE11EF159A200DC12A4 /* tulips-2048324_1280.jpg in Resources */ = {isa = PBXBuildFile; fileRef = A715EAE01EF159A200DC12A4 /* tulips-2048324_1280.jpg */; };
		A715EAE31EF159F700DC12A4 /* BikeViewController.swift in Sources */ = {isa = PBXBuildFile; fileRef = A715EAE21EF159F700DC12A4 /* BikeViewController.swift */; };
/* End PBXBuildFile section */

/* Begin PBXFileReference section */
		A715EAC81EF0725000DC12A4 /* BikeCollector.app */ = {isa = PBXFileReference; explicitFileType = wrapper.application; includeInIndex = 0; path = BikeCollector.app; sourceTree = BUILT_PRODUCTS_DIR; };
		A715EACB1EF0725000DC12A4 /* AppDelegate.swift */ = {isa = PBXFileReference; lastKnownFileType = sourcecode.swift; path = AppDelegate.swift; sourceTree = "<group>"; };
		A715EACD1EF0725000DC12A4 /* ViewController.swift */ = {isa = PBXFileReference; lastKnownFileType = sourcecode.swift; path = ViewController.swift; sourceTree = "<group>"; };
		A715EAD01EF0725000DC12A4 /* Base */ = {isa = PBXFileReference; lastKnownFileType = file.storyboard; name = Base; path = Base.lproj/Main.storyboard; sourceTree = "<group>"; };
		A715EAD31EF0725000DC12A4 /* BikeCollector.xcdatamodel */ = {isa = PBXFileReference; lastKnownFileType = wrapper.xcdatamodel; path = BikeCollector.xcdatamodel; sourceTree = "<group>"; };
		A715EAD51EF0725000DC12A4 /* Assets.xcassets */ = {isa = PBXFileReference; lastKnownFileType = folder.assetcatalog; path = Assets.xcassets; sourceTree = "<group>"; };
		A715EAD81EF0725000DC12A4 /* Base */ = {isa = PBXFileReference; lastKnownFileType = file.storyboard; name = Base; path = Base.lproj/LaunchScreen.storyboard; sourceTree = "<group>"; };
		A715EADA1EF0725000DC12A4 /* Info.plist */ = {isa = PBXFileReference; lastKnownFileType = text.plist.xml; path = Info.plist; sourceTree = "<group>"; };
		A715EAE01EF159A200DC12A4 /* tulips-2048324_1280.jpg */ = {isa = PBXFileReference; lastKnownFileType = image.jpeg; path = "tulips-2048324_1280.jpg"; sourceTree = "<group>"; };
		A715EAE21EF159F700DC12A4 /* BikeViewController.swift */ = {isa = PBXFileReference; fileEncoding = 4; lastKnownFileType = sourcecode.swift; path = BikeViewController.swift; sourceTree = "<group>"; };
/* End PBXFileReference section */

/* Begin PBXFrameworksBuildPhase section */
		A715EAC51EF0725000DC12A4 /* Frameworks */ = {
			isa = PBXFrameworksBuildPhase;
			buildActionMask = 2147483647;
			files = (
			);
			runOnlyForDeploymentPostprocessing = 0;
		};
/* End PBXFrameworksBuildPhase section */

/* Begin PBXGroup section */
		A715EABF1EF0725000DC12A4 = {
			isa = PBXGroup;
			children = (
				A715EACA1EF0725000DC12A4 /* BikeCollector */,
				A715EAC91EF0725000DC12A4 /* Products */,
			);
			sourceTree = "<group>";
		};
		A715EAC91EF0725000DC12A4 /* Products */ = {
			isa = PBXGroup;
			children = (
				A715EAC81EF0725000DC12A4 /* BikeCollector.app */,
			);
			name = Products;
			sourceTree = "<group>";
		};
		A715EACA1EF0725000DC12A4 /* BikeCollector */ = {
			isa = PBXGroup;
			children = (
				A715EAE01EF159A200DC12A4 /* tulips-2048324_1280.jpg */,
				A715EACB1EF0725000DC12A4 /* AppDelegate.swift */,
				A715EACD1EF0725000DC12A4 /* ViewController.swift */,
				A715EAE21EF159F700DC12A4 /* BikeViewController.swift */,
				A715EACF1EF0725000DC12A4 /* Main.storyboard */,
				A715EAD51EF0725000DC12A4 /* Assets.xcassets */,
				A715EAD71EF0725000DC12A4 /* LaunchScreen.storyboard */,
				A715EADA1EF0725000DC12A4 /* Info.plist */,
				A715EAD21EF0725000DC12A4 /* BikeCollector.xcdatamodeld */,
			);
			path = BikeCollector;
			sourceTree = "<group>";
		};
/* End PBXGroup section */

/* Begin PBXNativeTarget section */
		A715EAC71EF0725000DC12A4 /* BikeCollector */ = {
			isa = PBXNativeTarget;
			buildConfigurationList = A715EADD1EF0725000DC12A4 /* Build configuration list for PBXNativeTarget "BikeCollector" */;
			buildPhases = (
				A715EAC41EF0725000DC12A4 /* Sources */,
				A715EAC51EF0725000DC12A4 /* Frameworks */,
				A715EAC61EF0725000DC12A4 /* Resources */,
			);
			buildRules = (
			);
			dependencies = (
			);
			name = BikeCollector;
			productName = BikeCollector;
			productReference = A715EAC81EF0725000DC12A4 /* BikeCollector.app */;
			productType = "com.apple.product-type.application";
		};
/* End PBXNativeTarget section */

/* Begin PBXProject section */
		A715EAC01EF0725000DC12A4 /* Project object */ = {
			isa = PBXProject;
			attributes = {
				LastSwiftUpdateCheck = 0810;
				LastUpgradeCheck = 0810;
				ORGANIZATIONNAME = Hercules;
				TargetAttributes = {
					A715EAC71EF0725000DC12A4 = {
						CreatedOnToolsVersion = 8.1;
						ProvisioningStyle = Automatic;
					};
				};
			};
			buildConfigurationList = A715EAC31EF0725000DC12A4 /* Build configuration list for PBXProject "BikeCollector" */;
			compatibilityVersion = "Xcode 3.2";
			developmentRegion = English;
			hasScannedForEncodings = 0;
			knownRegions = (
				en,
				Base,
			);
			mainGroup = A715EABF1EF0725000DC12A4;
			productRefGroup = A715EAC91EF0725000DC12A4 /* Products */;
			projectDirPath = "";
			projectRoot = "";
			targets = (
				A715EAC71EF0725000DC12A4 /* BikeCollector */,
			);
		};
/* End PBXProject section */

/* Begin PBXResourcesBuildPhase section */
		A715EAC61EF0725000DC12A4 /* Resources */ = {
			isa = PBXResourcesBuildPhase;
			buildActionMask = 2147483647;
			files = (
				A715EAD91EF0725000DC12A4 /* LaunchScreen.storyboard in Resources */,
				A715EAE11EF159A200DC12A4 /* tulips-2048324_1280.jpg in Resources */,
				A715EAD61EF0725000DC12A4 /* Assets.xcassets in Resources */,
				A715EAD11EF0725000DC12A4 /* Main.storyboard in Resources */,
			);
			runOnlyForDeploymentPostprocessing = 0;
		};
/* End PBXResourcesBuildPhase section */

/* Begin PBXSourcesBuildPhase section */
		A715EAC41EF0725000DC12A4 /* Sources */ = {
			isa = PBXSourcesBuildPhase;
			buildActionMask = 2147483647;
			files = (
				A715EACE1EF0725000DC12A4 /* ViewController.swift in Sources */,
				A715EAE31EF159F700DC12A4 /* BikeViewController.swift in Sources */,
				A715EACC1EF0725000DC12A4 /* AppDelegate.swift in Sources */,
				A715EAD41EF0725000DC12A4 /* BikeCollector.xcdatamodeld in Sources */,
			);
			runOnlyForDeploymentPostprocessing = 0;
		};
/* End PBXSourcesBuildPhase section */

/* Begin PBXVariantGroup section */
		A715EACF1EF0725000DC12A4 /* Main.storyboard */ = {
			isa = PBXVariantGroup;
			children = (
				A715EAD01EF0725000DC12A4 /* Base */,
			);
			name = Main.storyboard;
			sourceTree = "<group>";
		};
		A715EAD71EF0725000DC12A4 /* LaunchScreen.storyboard */ = {
			isa = PBXVariantGroup;
			children = (
				A715EAD81EF0725000DC12A4 /* Base */,
			);
			name = LaunchScreen.storyboard;
			sourceTree = "<group>";
		};
/* End PBXVariantGroup section */

/* Begin XCBuildConfiguration section */
		A715EADB1EF0725000DC12A4 /* Debug */ = {
			isa = XCBuildConfiguration;
			buildSettings = {
				ALWAYS_SEARCH_USER_PATHS = NO;
				CLANG_ANALYZER_NONNULL = YES;
				CLANG_CXX_LANGUAGE_STANDARD = "gnu++0x";
				CLANG_CXX_LIBRARY = "libc++";
				CLANG_ENABLE_MODULES = YES;
				CLANG_ENABLE_OBJC_ARC = YES;
				CLANG_WARN_BOOL_CONVERSION = YES;
				CLANG_WARN_CONSTANT_CONVERSION = YES;
				CLANG_WARN_DIRECT_OBJC_ISA_USAGE = YES_ERROR;
				CLANG_WARN_DOCUMENTATION_COMMENTS = YES;
				CLANG_WARN_EMPTY_BODY = YES;
				CLANG_WARN_ENUM_CONVERSION = YES;
				CLANG_WARN_INFINITE_RECURSION = YES;
				CLANG_WARN_INT_CONVERSION = YES;
				CLANG_WARN_OBJC_ROOT_CLASS = YES_ERROR;
				CLANG_WARN_SUSPICIOUS_MOVES = YES;
				CLANG_WARN_UNREACHABLE_CODE = YES;
				CLANG_WARN__DUPLICATE_METHOD_MATCH = YES;
				"CODE_SIGN_IDENTITY[sdk=iphoneos*]" = "iPhone Developer";
				COPY_PHASE_STRIP = NO;
				DEBUG_INFORMATION_FORMAT = dwarf;
				ENABLE_STRICT_OBJC_MSGSEND = YES;
				ENABLE_TESTABILITY = YES;
				GCC_C_LANGUAGE_STANDARD = gnu99;
				GCC_DYNAMIC_NO_PIC = NO;
				GCC_NO_COMMON_BLOCKS = YES;
				GCC_OPTIMIZATION_LEVEL = 0;
				GCC_PREPROCESSOR_DEFINITIONS = (
					"DEBUG=1",
					"$(inherited)",
				);
				GCC_WARN_64_TO_32_BIT_CONVERSION = YES;
				GCC_WARN_ABOUT_RETURN_TYPE = YES_ERROR;
				GCC_WARN_UNDECLARED_SELECTOR = YES;
				GCC_WARN_UNINITIALIZED_AUTOS = YES_AGGRESSIVE;
				GCC_WARN_UNUSED_FUNCTION = YES;
				GCC_WARN_UNUSED_VARIABLE = YES;
				IPHONEOS_DEPLOYMENT_TARGET = 10.1;
				MTL_ENABLE_DEBUG_INFO = YES;
				ONLY_ACTIVE_ARCH = YES;
				SDKROOT = iphoneos;
				SWIFT_ACTIVE_COMPILATION_CONDITIONS = DEBUG;
				SWIFT_OPTIMIZATION_LEVEL = "-Onone";
				TARGETED_DEVICE_FAMILY = "1,2";
			};
			name = Debug;
		};
		A715EADC1EF0725000DC12A4 /* Release */ = {
			isa = XCBuildConfiguration;
			buildSettings = {
				ALWAYS_SEARCH_USER_PATHS = NO;
				CLANG_ANALYZER_NONNULL = YES;
				CLANG_CXX_LANGUAGE_STANDARD = "gnu++0x";
				CLANG_CXX_LIBRARY = "libc++";
				CLANG_ENABLE_MODULES = YES;
				CLANG_ENABLE_OBJC_ARC = YES;
				CLANG_WARN_BOOL_CONVERSION = YES;
				CLANG_WARN_CONSTANT_CONVERSION = YES;
				CLANG_WARN_DIRECT_OBJC_ISA_USAGE = YES_ERROR;
				CLANG_WARN_DOCUMENTATION_COMMENTS = YES;
				CLANG_WARN_EMPTY_BODY = YES;
				CLANG_WARN_ENUM_CONVERSION = YES;
				CLANG_WARN_INFINITE_RECURSION = YES;
				CLANG_WARN_INT_CONVERSION = YES;
				CLANG_WARN_OBJC_ROOT_CLASS = YES_ERROR;
				CLANG_WARN_SUSPICIOUS_MOVES = YES;
				CLANG_WARN_UNREACHABLE_CODE = YES;
				CLANG_WARN__DUPLICATE_METHOD_MATCH = YES;
				"CODE_SIGN_IDENTITY[sdk=iphoneos*]" = "iPhone Developer";
				COPY_PHASE_STRIP = NO;
				DEBUG_INFORMATION_FORMAT = "dwarf-with-dsym";
				ENABLE_NS_ASSERTIONS = NO;
				ENABLE_STRICT_OBJC_MSGSEND = YES;
				GCC_C_LANGUAGE_STANDARD = gnu99;
				GCC_NO_COMMON_BLOCKS = YES;
				GCC_WARN_64_TO_32_BIT_CONVERSION = YES;
				GCC_WARN_ABOUT_RETURN_TYPE = YES_ERROR;
				GCC_WARN_UNDECLARED_SELECTOR = YES;
				GCC_WARN_UNINITIALIZED_AUTOS = YES_AGGRESSIVE;
				GCC_WARN_UNUSED_FUNCTION = YES;
				GCC_WARN_UNUSED_VARIABLE = YES;
				IPHONEOS_DEPLOYMENT_TARGET = 10.1;
				MTL_ENABLE_DEBUG_INFO = NO;
				SDKROOT = iphoneos;
				SWIFT_OPTIMIZATION_LEVEL = "-Owholemodule";
				TARGETED_DEVICE_FAMILY = "1,2";
				VALIDATE_PRODUCT = YES;
			};
			name = Release;
		};
		A715EADE1EF0725000DC12A4 /* Debug */ = {
			isa = XCBuildConfiguration;
			buildSettings = {
				ASSETCATALOG_COMPILER_APPICON_NAME = AppIcon;
				INFOPLIST_FILE = BikeCollector/Info.plist;
				LD_RUNPATH_SEARCH_PATHS = "$(inherited) @executable_path/Frameworks";
				PRODUCT_BUNDLE_IDENTIFIER = com.Fredrik.BikeCollector;
				PRODUCT_NAME = "$(TARGET_NAME)";
				SWIFT_VERSION = 3.0;
			};
			name = Debug;
		};
		A715EADF1EF0725000DC12A4 /* Release */ = {
			isa = XCBuildConfiguration;
			buildSettings = {
				ASSETCATALOG_COMPILER_APPICON_NAME = AppIcon;
				INFOPLIST_FILE = BikeCollector/Info.plist;
				LD_RUNPATH_SEARCH_PATHS = "$(inherited) @executable_path/Frameworks";
				PRODUCT_BUNDLE_IDENTIFIER = com.Fredrik.BikeCollector;
				PRODUCT_NAME = "$(TARGET_NAME)";
				SWIFT_VERSION = 3.0;
			};
			name = Release;
		};
/* End XCBuildConfiguration section */

/* Begin XCConfigurationList section */
		A715EAC31EF0725000DC12A4 /* Build configuration list for PBXProject "BikeCollector" */ = {
			isa = XCConfigurationList;
			buildConfigurations = (
				A715EADB1EF0725000DC12A4 /* Debug */,
				A715EADC1EF0725000DC12A4 /* Release */,
			);
			defaultConfigurationIsVisible = 0;
			defaultConfigurationName = Release;
		};
		A715EADD1EF0725000DC12A4 /* Build configuration list for PBXNativeTarget "BikeCollector" */ = {
			isa = XCConfigurationList;
			buildConfigurations = (
				A715EADE1EF0725000DC12A4 /* Debug */,
				A715EADF1EF0725000DC12A4 /* Release */,
			);
			defaultConfigurationIsVisible = 0;
		};
/* End XCConfigurationList section */

/* Begin XCVersionGroup section */
		A715EAD21EF0725000DC12A4 /* BikeCollector.xcdatamodeld */ = {
			isa = XCVersionGroup;
			children = (
				A715EAD31EF0725000DC12A4 /* BikeCollector.xcdatamodel */,
			);
			currentVersion = A715EAD31EF0725000DC12A4 /* BikeCollector.xcdatamodel */;
			path = BikeCollector.xcdatamodeld;
			sourceTree = "<group>";
			versionGroupType = wrapper.xcdatamodel;
		};
/* End XCVersionGroup section */
	};
	rootObject = A715EAC01EF0725000DC12A4 /* Project object */;
}
